// !$*UTF8*$!
{
	archiveVersion = 1;
	classes = {
	};
	objectVersion = 46;
	objects = {

/* Begin PBXBuildFile section */
		677961431DC4707200CA5ABE /* AppDelegate.swift in Sources */ = {isa = PBXBuildFile; fileRef = 677961421DC4707200CA5ABE /* AppDelegate.swift */; };
		677961451DC4707200CA5ABE /* SplashViewController.swift in Sources */ = {isa = PBXBuildFile; fileRef = 677961441DC4707200CA5ABE /* SplashViewController.swift */; };
		677961481DC4707200CA5ABE /* Main.storyboard in Resources */ = {isa = PBXBuildFile; fileRef = 677961461DC4707200CA5ABE /* Main.storyboard */; };
		6779614A1DC4707200CA5ABE /* Assets.xcassets in Resources */ = {isa = PBXBuildFile; fileRef = 677961491DC4707200CA5ABE /* Assets.xcassets */; };
		6779614D1DC4707200CA5ABE /* LaunchScreen.storyboard in Resources */ = {isa = PBXBuildFile; fileRef = 6779614B1DC4707200CA5ABE /* LaunchScreen.storyboard */; };
/* End PBXBuildFile section */

/* Begin PBXFileReference section */
		6779613F1DC4707200CA5ABE /* ReciBeeProject.app */ = {isa = PBXFileReference; explicitFileType = wrapper.application; includeInIndex = 0; path = ReciBeeProject.app; sourceTree = BUILT_PRODUCTS_DIR; };
		677961421DC4707200CA5ABE /* AppDelegate.swift */ = {isa = PBXFileReference; lastKnownFileType = sourcecode.swift; path = AppDelegate.swift; sourceTree = "<group>"; };
		677961441DC4707200CA5ABE /* SplashViewController.swift */ = {isa = PBXFileReference; lastKnownFileType = sourcecode.swift; path = SplashViewController.swift; sourceTree = "<group>"; };
		677961471DC4707200CA5ABE /* Base */ = {isa = PBXFileReference; lastKnownFileType = file.storyboard; name = Base; path = Base.lproj/Main.storyboard; sourceTree = "<group>"; };
		677961491DC4707200CA5ABE /* Assets.xcassets */ = {isa = PBXFileReference; lastKnownFileType = folder.assetcatalog; path = Assets.xcassets; sourceTree = "<group>"; };
		6779614C1DC4707200CA5ABE /* Base */ = {isa = PBXFileReference; lastKnownFileType = file.storyboard; name = Base; path = Base.lproj/LaunchScreen.storyboard; sourceTree = "<group>"; };
		6779614E1DC4707200CA5ABE /* Info.plist */ = {isa = PBXFileReference; lastKnownFileType = text.plist.xml; path = Info.plist; sourceTree = "<group>"; };
/* End PBXFileReference section */

/* Begin PBXFrameworksBuildPhase section */
		6779613C1DC4707200CA5ABE /* Frameworks */ = {
			isa = PBXFrameworksBuildPhase;
			buildActionMask = 2147483647;
			files = (
			);
			runOnlyForDeploymentPostprocessing = 0;
		};
/* End PBXFrameworksBuildPhase section */

/* Begin PBXGroup section */
		677961361DC4707200CA5ABE = {
			isa = PBXGroup;
			children = (
				677961411DC4707200CA5ABE /* ReciBeeProject */,
				677961401DC4707200CA5ABE /* Products */,
			);
			sourceTree = "<group>";
		};
		677961401DC4707200CA5ABE /* Products */ = {
			isa = PBXGroup;
			children = (
				6779613F1DC4707200CA5ABE /* ReciBeeProject.app */,
			);
			name = Products;
			sourceTree = "<group>";
		};
		677961411DC4707200CA5ABE /* ReciBeeProject */ = {
			isa = PBXGroup;
			children = (
				677961421DC4707200CA5ABE /* AppDelegate.swift */,
				677961441DC4707200CA5ABE /* SplashViewController.swift */,
				677961461DC4707200CA5ABE /* Main.storyboard */,
				677961491DC4707200CA5ABE /* Assets.xcassets */,
				6779614B1DC4707200CA5ABE /* LaunchScreen.storyboard */,
				6779614E1DC4707200CA5ABE /* Info.plist */,
			);
			path = ReciBeeProject;
			sourceTree = "<group>";
		};
/* End PBXGroup section */

/* Begin PBXNativeTarget section */
		6779613E1DC4707200CA5ABE /* ReciBeeProject */ = {
			isa = PBXNativeTarget;
			buildConfigurationList = 677961511DC4707200CA5ABE /* Build configuration list for PBXNativeTarget "ReciBeeProject" */;
			buildPhases = (
				6779613B1DC4707200CA5ABE /* Sources */,
				6779613C1DC4707200CA5ABE /* Frameworks */,
				6779613D1DC4707200CA5ABE /* Resources */,
			);
			buildRules = (
			);
			dependencies = (
			);
			name = ReciBeeProject;
			productName = ReciBeeProject;
			productReference = 6779613F1DC4707200CA5ABE /* ReciBeeProject.app */;
			productType = "com.apple.product-type.application";
		};
/* End PBXNativeTarget section */

/* Begin PBXProject section */
		677961371DC4707200CA5ABE /* Project object */ = {
			isa = PBXProject;
			attributes = {
				LastSwiftUpdateCheck = 0800;
				LastUpgradeCheck = 0800;
				ORGANIZATIONNAME = "Chee Kok Ban";
				TargetAttributes = {
					6779613E1DC4707200CA5ABE = {
						CreatedOnToolsVersion = 8.0;
						DevelopmentTeam = PBF5QD74E4;
						ProvisioningStyle = Automatic;
					};
				};
			};
			buildConfigurationList = 6779613A1DC4707200CA5ABE /* Build configuration list for PBXProject "ReciBeeProject" */;
			compatibilityVersion = "Xcode 3.2";
			developmentRegion = English;
			hasScannedForEncodings = 0;
			knownRegions = (
				en,
				Base,
			);
			mainGroup = 677961361DC4707200CA5ABE;
			productRefGroup = 677961401DC4707200CA5ABE /* Products */;
			projectDirPath = "";
			projectRoot = "";
			targets = (
				6779613E1DC4707200CA5ABE /* ReciBeeProject */,
			);
		};
/* End PBXProject section */

/* Begin PBXResourcesBuildPhase section */
		6779613D1DC4707200CA5ABE /* Resources */ = {
			isa = PBXResourcesBuildPhase;
			buildActionMask = 2147483647;
			files = (
				6779614D1DC4707200CA5ABE /* LaunchScreen.storyboard in Resources */,
				6779614A1DC4707200CA5ABE /* Assets.xcassets in Resources */,
				677961481DC4707200CA5ABE /* Main.storyboard in Resources */,
			);
			runOnlyForDeploymentPostprocessing = 0;
		};
/* End PBXResourcesBuildPhase section */

/* Begin PBXSourcesBuildPhase section */
		6779613B1DC4707200CA5ABE /* Sources */ = {
			isa = PBXSourcesBuildPhase;
			buildActionMask = 2147483647;
			files = (
				677961451DC4707200CA5ABE /* SplashViewController.swift in Sources */,
				677961431DC4707200CA5ABE /* AppDelegate.swift in Sources */,
			);
			runOnlyForDeploymentPostprocessing = 0;
		};
/* End PBXSourcesBuildPhase section */

/* Begin PBXVariantGroup section */
		677961461DC4707200CA5ABE /* Main.storyboard */ = {
			isa = PBXVariantGroup;
			children = (
				677961471DC4707200CA5ABE /* Base */,
			);
			name = Main.storyboard;
			sourceTree = "<group>";
		};
		6779614B1DC4707200CA5ABE /* LaunchScreen.storyboard */ = {
			isa = PBXVariantGroup;
			children = (
				6779614C1DC4707200CA5ABE /* Base */,
			);
			name = LaunchScreen.storyboard;
			sourceTree = "<group>";
		};
/* End PBXVariantGroup section */

/* Begin XCBuildConfiguration section */
		6779614F1DC4707200CA5ABE /* Debug */ = {
			isa = XCBuildConfiguration;
			buildSettings = {
				ALWAYS_SEARCH_USER_PATHS = NO;
				CLANG_ANALYZER_NONNULL = YES;
				CLANG_CXX_LANGUAGE_STANDARD = "gnu++0x";
				CLANG_CXX_LIBRARY = "libc++";
				CLANG_ENABLE_MODULES = YES;
				CLANG_ENABLE_OBJC_ARC = YES;
				CLANG_WARN_BOOL_CONVERSION = YES;
				CLANG_WARN_CONSTANT_CONVERSION = YES;
				CLANG_WARN_DIRECT_OBJC_ISA_USAGE = YES_ERROR;
				CLANG_WARN_DOCUMENTATION_COMMENTS = YES;
				CLANG_WARN_EMPTY_BODY = YES;
				CLANG_WARN_ENUM_CONVERSION = YES;
				CLANG_WARN_INFINITE_RECURSION = YES;
				CLANG_WARN_INT_CONVERSION = YES;
				CLANG_WARN_OBJC_ROOT_CLASS = YES_ERROR;
				CLANG_WARN_SUSPICIOUS_MOVES = YES;
				CLANG_WARN_UNREACHABLE_CODE = YES;
				CLANG_WARN__DUPLICATE_METHOD_MATCH = YES;
				"CODE_SIGN_IDENTITY[sdk=iphoneos*]" = "iPhone Developer";
				COPY_PHASE_STRIP = NO;
				DEBUG_INFORMATION_FORMAT = dwarf;
				ENABLE_STRICT_OBJC_MSGSEND = YES;
				ENABLE_TESTABILITY = YES;
				GCC_C_LANGUAGE_STANDARD = gnu99;
				GCC_DYNAMIC_NO_PIC = NO;
				GCC_NO_COMMON_BLOCKS = YES;
				GCC_OPTIMIZATION_LEVEL = 0;
				GCC_PREPROCESSOR_DEFINITIONS = (
					"DEBUG=1",
					"$(inherited)",
				);
				GCC_WARN_64_TO_32_BIT_CONVERSION = YES;
				GCC_WARN_ABOUT_RETURN_TYPE = YES_ERROR;
				GCC_WARN_UNDECLARED_SELECTOR = YES;
				GCC_WARN_UNINITIALIZED_AUTOS = YES_AGGRESSIVE;
				GCC_WARN_UNUSED_FUNCTION = YES;
				GCC_WARN_UNUSED_VARIABLE = YES;
				IPHONEOS_DEPLOYMENT_TARGET = 10.0;
				MTL_ENABLE_DEBUG_INFO = YES;
				ONLY_ACTIVE_ARCH = YES;
				SDKROOT = iphoneos;
				SWIFT_ACTIVE_COMPILATION_CONDITIONS = DEBUG;
				SWIFT_OPTIMIZATION_LEVEL = "-Onone";
				TARGETED_DEVICE_FAMILY = "1,2";
			};
			name = Debug;
		};
		677961501DC4707200CA5ABE /* Release */ = {
			isa = XCBuildConfiguration;
			buildSettings = {
				ALWAYS_SEARCH_USER_PATHS = NO;
				CLANG_ANALYZER_NONNULL = YES;
				CLANG_CXX_LANGUAGE_STANDARD = "gnu++0x";
				CLANG_CXX_LIBRARY = "libc++";
				CLANG_ENABLE_MODULES = YES;
				CLANG_ENABLE_OBJC_ARC = YES;
				CLANG_WARN_BOOL_CONVERSION = YES;
				CLANG_WARN_CONSTANT_CONVERSION = YES;
				CLANG_WARN_DIRECT_OBJC_ISA_USAGE = YES_ERROR;
				CLANG_WARN_DOCUMENTATION_COMMENTS = YES;
				CLANG_WARN_EMPTY_BODY = YES;
				CLANG_WARN_ENUM_CONVERSION = YES;
				CLANG_WARN_INFINITE_RECURSION = YES;
				CLANG_WARN_INT_CONVERSION = YES;
				CLANG_WARN_OBJC_ROOT_CLASS = YES_ERROR;
				CLANG_WARN_SUSPICIOUS_MOVES = YES;
				CLANG_WARN_UNREACHABLE_CODE = YES;
				CLANG_WARN__DUPLICATE_METHOD_MATCH = YES;
				"CODE_SIGN_IDENTITY[sdk=iphoneos*]" = "iPhone Developer";
				COPY_PHASE_STRIP = NO;
				DEBUG_INFORMATION_FORMAT = "dwarf-with-dsym";
				ENABLE_NS_ASSERTIONS = NO;
				ENABLE_STRICT_OBJC_MSGSEND = YES;
				GCC_C_LANGUAGE_STANDARD = gnu99;
				GCC_NO_COMMON_BLOCKS = YES;
				GCC_WARN_64_TO_32_BIT_CONVERSION = YES;
				GCC_WARN_ABOUT_RETURN_TYPE = YES_ERROR;
				GCC_WARN_UNDECLARED_SELECTOR = YES;
				GCC_WARN_UNINITIALIZED_AUTOS = YES_AGGRESSIVE;
				GCC_WARN_UNUSED_FUNCTION = YES;
				GCC_WARN_UNUSED_VARIABLE = YES;
				IPHONEOS_DEPLOYMENT_TARGET = 10.0;
				MTL_ENABLE_DEBUG_INFO = NO;
				SDKROOT = iphoneos;
				SWIFT_OPTIMIZATION_LEVEL = "-Owholemodule";
				TARGETED_DEVICE_FAMILY = "1,2";
				VALIDATE_PRODUCT = YES;
			};
			name = Release;
		};
		677961521DC4707200CA5ABE /* Debug */ = {
			isa = XCBuildConfiguration;
			buildSettings = {
				ASSETCATALOG_COMPILER_APPICON_NAME = AppIcon;
				DEVELOPMENT_TEAM = PBF5QD74E4;
				INFOPLIST_FILE = ReciBeeProject/Info.plist;
				LD_RUNPATH_SEARCH_PATHS = "$(inherited) @executable_path/Frameworks";
				PRODUCT_BUNDLE_IDENTIFIER = com.chisin.ReciBeeProject;
				PRODUCT_NAME = "$(TARGET_NAME)";
				SWIFT_VERSION = 3.0;
			};
			name = Debug;
		};
		677961531DC4707200CA5ABE /* Release */ = {
			isa = XCBuildConfiguration;
			buildSettings = {
				ASSETCATALOG_COMPILER_APPICON_NAME = AppIcon;
				DEVELOPMENT_TEAM = PBF5QD74E4;
				INFOPLIST_FILE = ReciBeeProject/Info.plist;
				LD_RUNPATH_SEARCH_PATHS = "$(inherited) @executable_path/Frameworks";
				PRODUCT_BUNDLE_IDENTIFIER = com.chisin.ReciBeeProject;
				PRODUCT_NAME = "$(TARGET_NAME)";
				SWIFT_VERSION = 3.0;
			};
			name = Release;
		};
/* End XCBuildConfiguration section */

/* Begin XCConfigurationList section */
		6779613A1DC4707200CA5ABE /* Build configuration list for PBXProject "ReciBeeProject" */ = {
			isa = XCConfigurationList;
			buildConfigurations = (
				6779614F1DC4707200CA5ABE /* Debug */,
				677961501DC4707200CA5ABE /* Release */,
			);
			defaultConfigurationIsVisible = 0;
			defaultConfigurationName = Release;
		};
		677961511DC4707200CA5ABE /* Build configuration list for PBXNativeTarget "ReciBeeProject" */ = {
			isa = XCConfigurationList;
			buildConfigurations = (
				677961521DC4707200CA5ABE /* Debug */,
				677961531DC4707200CA5ABE /* Release */,
			);
			defaultConfigurationIsVisible = 0;
			defaultConfigurationName = Release;
		};
/* End XCConfigurationList section */
	};
	rootObject = 677961371DC4707200CA5ABE /* Project object */;
}
